
Microsoft Visual Studio Solution File, Format Version 12.00
# Visual Studio Version 16
VisualStudioVersion = 16.0.34301.259
MinimumVisualStudioVersion = 10.0.40219.1
Project("{FAE04EC0-301F-11D3-BF4B-00C04F79EFBC}") = "PoC", "PoC\PoC.csproj", "{57C19E6F-A4DB-4915-B46C-BE51214EC0E7}"
EndProject
Global
	GlobalSection(SolutionConfigurationPlatforms) = preSolution
		Debug|Any CPU = Debug|Any CPU
		Release|Any CPU = Release|Any CPU
	EndGlobalSection
	GlobalSection(ProjectConfigurationPlatforms) = postSolution
		{57C19E6F-A4DB-4915-B46C-BE51214EC0E7}.Debug|Any CPU.ActiveCfg = Debug|Any CPU
		{57C19E6F-A4DB-4915-B46C-BE51214EC0E7}.Debug|Any CPU.Build.0 = Debug|Any CPU
		{57C19E6F-A4DB-4915-B46C-BE51214EC0E7}.Release|Any CPU.ActiveCfg = Release|Any CPU
		{57C19E6F-A4DB-4915-B46C-BE51214EC0E7}.Release|Any CPU.Build.0 = Release|Any CPU
	EndGlobalSection
	GlobalSection(SolutionProperties) = preSolution
		HideSolutionNode = FALSE
	EndGlobalSection
	GlobalSection(ExtensibilityGlobals) = postSolution
		SolutionGuid = {B29105AA-D69C-48A0-8F97-59EA55CD4FE1}
	EndGlobalSection
EndGlobal
